
Microsoft Visual Studio Solution File, Format Version 12.00
# Visual Studio Version 17
VisualStudioVersion = 17.14.36414.22
MinimumVisualStudioVersion = 10.0.40219.1
Project("{FAE04EC0-301F-11D3-BF4B-00C04F79EFBC}") = "APICRUD", "APICRUD\APICRUD.csproj", "{63E75CD2-79F1-4F12-9FED-C157FA5C71FF}"
EndProject
Global
	GlobalSection(SolutionConfigurationPlatforms) = preSolution
		Debug|Any CPU = Debug|Any CPU
		Release|Any CPU = Release|Any CPU
	EndGlobalSection
	GlobalSection(ProjectConfigurationPlatforms) = postSolution
		{63E75CD2-79F1-4F12-9FED-C157FA5C71FF}.Debug|Any CPU.ActiveCfg = Debug|Any CPU
		{63E75CD2-79F1-4F12-9FED-C157FA5C71FF}.Debug|Any CPU.Build.0 = Debug|Any CPU
		{63E75CD2-79F1-4F12-9FED-C157FA5C71FF}.Release|Any CPU.ActiveCfg = Release|Any CPU
		{63E75CD2-79F1-4F12-9FED-C157FA5C71FF}.Release|Any CPU.Build.0 = Release|Any CPU
	EndGlobalSection
	GlobalSection(SolutionProperties) = preSolution
		HideSolutionNode = FALSE
	EndGlobalSection
	GlobalSection(ExtensibilityGlobals) = postSolution
		SolutionGuid = {B83C7EE1-5C60-4300-9EB5-C210E17BC149}
	EndGlobalSection
EndGlobal
